
Microsoft Visual Studio Solution File, Format Version 12.00
# Visual Studio Version 16
VisualStudioVersion = 16.0.30611.23
MinimumVisualStudioVersion = 10.0.40219.1
Project("{8BC9CEB8-8B4A-11D0-8D11-00A0C91BC942}") = "homework11.2.2", "homework11.2.2\homework11.2.2.vcxproj", "{715DEEF7-91CE-4904-B701-741FE02E59C2}"
EndProject
Global
	GlobalSection(SolutionConfigurationPlatforms) = preSolution
		Debug|x64 = Debug|x64
		Debug|x86 = Debug|x86
		Release|x64 = Release|x64
		Release|x86 = Release|x86
	EndGlobalSection
	GlobalSection(ProjectConfigurationPlatforms) = postSolution
		{715DEEF7-91CE-4904-B701-741FE02E59C2}.Debug|x64.ActiveCfg = Debug|x64
		{715DEEF7-91CE-4904-B701-741FE02E59C2}.Debug|x64.Build.0 = Debug|x64
		{715DEEF7-91CE-4904-B701-741FE02E59C2}.Debug|x86.ActiveCfg = Debug|Win32
		{715DEEF7-91CE-4904-B701-741FE02E59C2}.Debug|x86.Build.0 = Debug|Win32
		{715DEEF7-91CE-4904-B701-741FE02E59C2}.Release|x64.ActiveCfg = Release|x64
		{715DEEF7-91CE-4904-B701-741FE02E59C2}.Release|x64.Build.0 = Release|x64
		{715DEEF7-91CE-4904-B701-741FE02E59C2}.Release|x86.ActiveCfg = Release|Win32
		{715DEEF7-91CE-4904-B701-741FE02E59C2}.Release|x86.Build.0 = Release|Win32
	EndGlobalSection
	GlobalSection(SolutionProperties) = preSolution
		HideSolutionNode = FALSE
	EndGlobalSection
	GlobalSection(ExtensibilityGlobals) = postSolution
		SolutionGuid = {5D6CCF08-2669-41A8-981C-13F1EE42C761}
	EndGlobalSection
EndGlobal
