
Microsoft Visual Studio Solution File, Format Version 12.00
# Visual Studio Version 16
VisualStudioVersion = 16.0.30611.23
MinimumVisualStudioVersion = 10.0.40219.1
Project("{8BC9CEB8-8B4A-11D0-8D11-00A0C91BC942}") = "homework10.30.4", "homework10.30.4\homework10.30.4.vcxproj", "{A003ED61-F91A-4564-BA78-FF96A1053F47}"
EndProject
Global
	GlobalSection(SolutionConfigurationPlatforms) = preSolution
		Debug|x64 = Debug|x64
		Debug|x86 = Debug|x86
		Release|x64 = Release|x64
		Release|x86 = Release|x86
	EndGlobalSection
	GlobalSection(ProjectConfigurationPlatforms) = postSolution
		{A003ED61-F91A-4564-BA78-FF96A1053F47}.Debug|x64.ActiveCfg = Debug|x64
		{A003ED61-F91A-4564-BA78-FF96A1053F47}.Debug|x64.Build.0 = Debug|x64
		{A003ED61-F91A-4564-BA78-FF96A1053F47}.Debug|x86.ActiveCfg = Debug|Win32
		{A003ED61-F91A-4564-BA78-FF96A1053F47}.Debug|x86.Build.0 = Debug|Win32
		{A003ED61-F91A-4564-BA78-FF96A1053F47}.Release|x64.ActiveCfg = Release|x64
		{A003ED61-F91A-4564-BA78-FF96A1053F47}.Release|x64.Build.0 = Release|x64
		{A003ED61-F91A-4564-BA78-FF96A1053F47}.Release|x86.ActiveCfg = Release|Win32
		{A003ED61-F91A-4564-BA78-FF96A1053F47}.Release|x86.Build.0 = Release|Win32
	EndGlobalSection
	GlobalSection(SolutionProperties) = preSolution
		HideSolutionNode = FALSE
	EndGlobalSection
	GlobalSection(ExtensibilityGlobals) = postSolution
		SolutionGuid = {B69BB94D-FD3C-49B1-B917-B477D6D7F166}
	EndGlobalSection
EndGlobal
