
Microsoft Visual Studio Solution File, Format Version 12.00
# Visual Studio Version 16
VisualStudioVersion = 16.0.30611.23
MinimumVisualStudioVersion = 10.0.40219.1
Project("{8BC9CEB8-8B4A-11D0-8D11-00A0C91BC942}") = "11_6_2", "11_6_2\11_6_2.vcxproj", "{D105F284-6ECE-42BC-87CC-DD90EDA2D656}"
EndProject
Global
	GlobalSection(SolutionConfigurationPlatforms) = preSolution
		Debug|x64 = Debug|x64
		Debug|x86 = Debug|x86
		Release|x64 = Release|x64
		Release|x86 = Release|x86
	EndGlobalSection
	GlobalSection(ProjectConfigurationPlatforms) = postSolution
		{D105F284-6ECE-42BC-87CC-DD90EDA2D656}.Debug|x64.ActiveCfg = Debug|x64
		{D105F284-6ECE-42BC-87CC-DD90EDA2D656}.Debug|x64.Build.0 = Debug|x64
		{D105F284-6ECE-42BC-87CC-DD90EDA2D656}.Debug|x86.ActiveCfg = Debug|Win32
		{D105F284-6ECE-42BC-87CC-DD90EDA2D656}.Debug|x86.Build.0 = Debug|Win32
		{D105F284-6ECE-42BC-87CC-DD90EDA2D656}.Release|x64.ActiveCfg = Release|x64
		{D105F284-6ECE-42BC-87CC-DD90EDA2D656}.Release|x64.Build.0 = Release|x64
		{D105F284-6ECE-42BC-87CC-DD90EDA2D656}.Release|x86.ActiveCfg = Release|Win32
		{D105F284-6ECE-42BC-87CC-DD90EDA2D656}.Release|x86.Build.0 = Release|Win32
	EndGlobalSection
	GlobalSection(SolutionProperties) = preSolution
		HideSolutionNode = FALSE
	EndGlobalSection
	GlobalSection(ExtensibilityGlobals) = postSolution
		SolutionGuid = {6D088C15-02C8-4A60-8DDA-216A47EEC42D}
	EndGlobalSection
EndGlobal
