
Microsoft Visual Studio Solution File, Format Version 12.00
# Visual Studio Version 16
VisualStudioVersion = 16.0.30611.23
MinimumVisualStudioVersion = 10.0.40219.1
Project("{8BC9CEB8-8B4A-11D0-8D11-00A0C91BC942}") = "11_22_2", "11_22_2\11_22_2.vcxproj", "{1FE20E7C-7A73-4E9C-A0D0-8FDFFFFA41FB}"
EndProject
Global
	GlobalSection(SolutionConfigurationPlatforms) = preSolution
		Debug|x64 = Debug|x64
		Debug|x86 = Debug|x86
		Release|x64 = Release|x64
		Release|x86 = Release|x86
	EndGlobalSection
	GlobalSection(ProjectConfigurationPlatforms) = postSolution
		{1FE20E7C-7A73-4E9C-A0D0-8FDFFFFA41FB}.Debug|x64.ActiveCfg = Debug|x64
		{1FE20E7C-7A73-4E9C-A0D0-8FDFFFFA41FB}.Debug|x64.Build.0 = Debug|x64
		{1FE20E7C-7A73-4E9C-A0D0-8FDFFFFA41FB}.Debug|x86.ActiveCfg = Debug|Win32
		{1FE20E7C-7A73-4E9C-A0D0-8FDFFFFA41FB}.Debug|x86.Build.0 = Debug|Win32
		{1FE20E7C-7A73-4E9C-A0D0-8FDFFFFA41FB}.Release|x64.ActiveCfg = Release|x64
		{1FE20E7C-7A73-4E9C-A0D0-8FDFFFFA41FB}.Release|x64.Build.0 = Release|x64
		{1FE20E7C-7A73-4E9C-A0D0-8FDFFFFA41FB}.Release|x86.ActiveCfg = Release|Win32
		{1FE20E7C-7A73-4E9C-A0D0-8FDFFFFA41FB}.Release|x86.Build.0 = Release|Win32
	EndGlobalSection
	GlobalSection(SolutionProperties) = preSolution
		HideSolutionNode = FALSE
	EndGlobalSection
	GlobalSection(ExtensibilityGlobals) = postSolution
		SolutionGuid = {4FC27AAF-C828-4143-8BE9-B69B8B253FBC}
	EndGlobalSection
EndGlobal
