
Microsoft Visual Studio Solution File, Format Version 12.00
# Visual Studio Version 16
VisualStudioVersion = 16.0.30611.23
MinimumVisualStudioVersion = 10.0.40219.1
Project("{8BC9CEB8-8B4A-11D0-8D11-00A0C91BC942}") = "miner", "miner\miner.vcxproj", "{B87D15F1-A447-4A0B-96B8-6526BC3F923C}"
EndProject
Global
	GlobalSection(SolutionConfigurationPlatforms) = preSolution
		Debug|x64 = Debug|x64
		Debug|x86 = Debug|x86
		Release|x64 = Release|x64
		Release|x86 = Release|x86
	EndGlobalSection
	GlobalSection(ProjectConfigurationPlatforms) = postSolution
		{B87D15F1-A447-4A0B-96B8-6526BC3F923C}.Debug|x64.ActiveCfg = Debug|x64
		{B87D15F1-A447-4A0B-96B8-6526BC3F923C}.Debug|x64.Build.0 = Debug|x64
		{B87D15F1-A447-4A0B-96B8-6526BC3F923C}.Debug|x86.ActiveCfg = Debug|Win32
		{B87D15F1-A447-4A0B-96B8-6526BC3F923C}.Debug|x86.Build.0 = Debug|Win32
		{B87D15F1-A447-4A0B-96B8-6526BC3F923C}.Release|x64.ActiveCfg = Release|x64
		{B87D15F1-A447-4A0B-96B8-6526BC3F923C}.Release|x64.Build.0 = Release|x64
		{B87D15F1-A447-4A0B-96B8-6526BC3F923C}.Release|x86.ActiveCfg = Release|Win32
		{B87D15F1-A447-4A0B-96B8-6526BC3F923C}.Release|x86.Build.0 = Release|Win32
	EndGlobalSection
	GlobalSection(SolutionProperties) = preSolution
		HideSolutionNode = FALSE
	EndGlobalSection
	GlobalSection(ExtensibilityGlobals) = postSolution
		SolutionGuid = {F2C0C07A-3B54-4581-BF47-B07DD92B2785}
	EndGlobalSection
EndGlobal
