
Microsoft Visual Studio Solution File, Format Version 12.00
# Visual Studio Version 16
VisualStudioVersion = 16.0.30611.23
MinimumVisualStudioVersion = 10.0.40219.1
Project("{8BC9CEB8-8B4A-11D0-8D11-00A0C91BC942}") = "11_9_2", "11_9_2\11_9_2.vcxproj", "{CFA73458-5A90-4A9E-9BC1-4A5FFA4E62B6}"
EndProject
Global
	GlobalSection(SolutionConfigurationPlatforms) = preSolution
		Debug|x64 = Debug|x64
		Debug|x86 = Debug|x86
		Release|x64 = Release|x64
		Release|x86 = Release|x86
	EndGlobalSection
	GlobalSection(ProjectConfigurationPlatforms) = postSolution
		{CFA73458-5A90-4A9E-9BC1-4A5FFA4E62B6}.Debug|x64.ActiveCfg = Debug|x64
		{CFA73458-5A90-4A9E-9BC1-4A5FFA4E62B6}.Debug|x64.Build.0 = Debug|x64
		{CFA73458-5A90-4A9E-9BC1-4A5FFA4E62B6}.Debug|x86.ActiveCfg = Debug|Win32
		{CFA73458-5A90-4A9E-9BC1-4A5FFA4E62B6}.Debug|x86.Build.0 = Debug|Win32
		{CFA73458-5A90-4A9E-9BC1-4A5FFA4E62B6}.Release|x64.ActiveCfg = Release|x64
		{CFA73458-5A90-4A9E-9BC1-4A5FFA4E62B6}.Release|x64.Build.0 = Release|x64
		{CFA73458-5A90-4A9E-9BC1-4A5FFA4E62B6}.Release|x86.ActiveCfg = Release|Win32
		{CFA73458-5A90-4A9E-9BC1-4A5FFA4E62B6}.Release|x86.Build.0 = Release|Win32
	EndGlobalSection
	GlobalSection(SolutionProperties) = preSolution
		HideSolutionNode = FALSE
	EndGlobalSection
	GlobalSection(ExtensibilityGlobals) = postSolution
		SolutionGuid = {2FC3776F-5201-4BC3-817F-B48CBD63C1BC}
	EndGlobalSection
EndGlobal
