
Microsoft Visual Studio Solution File, Format Version 12.00
# Visual Studio Version 16
VisualStudioVersion = 16.0.30611.23
MinimumVisualStudioVersion = 10.0.40219.1
Project("{8BC9CEB8-8B4A-11D0-8D11-00A0C91BC942}") = "AutoSnake", "AutoSnake\AutoSnake.vcxproj", "{F6913527-8249-4666-9D9E-28A4504FCD0F}"
EndProject
Global
	GlobalSection(SolutionConfigurationPlatforms) = preSolution
		Debug|x64 = Debug|x64
		Debug|x86 = Debug|x86
		Release|x64 = Release|x64
		Release|x86 = Release|x86
	EndGlobalSection
	GlobalSection(ProjectConfigurationPlatforms) = postSolution
		{F6913527-8249-4666-9D9E-28A4504FCD0F}.Debug|x64.ActiveCfg = Debug|x64
		{F6913527-8249-4666-9D9E-28A4504FCD0F}.Debug|x64.Build.0 = Debug|x64
		{F6913527-8249-4666-9D9E-28A4504FCD0F}.Debug|x86.ActiveCfg = Debug|Win32
		{F6913527-8249-4666-9D9E-28A4504FCD0F}.Debug|x86.Build.0 = Debug|Win32
		{F6913527-8249-4666-9D9E-28A4504FCD0F}.Release|x64.ActiveCfg = Release|x64
		{F6913527-8249-4666-9D9E-28A4504FCD0F}.Release|x64.Build.0 = Release|x64
		{F6913527-8249-4666-9D9E-28A4504FCD0F}.Release|x86.ActiveCfg = Release|Win32
		{F6913527-8249-4666-9D9E-28A4504FCD0F}.Release|x86.Build.0 = Release|Win32
	EndGlobalSection
	GlobalSection(SolutionProperties) = preSolution
		HideSolutionNode = FALSE
	EndGlobalSection
	GlobalSection(ExtensibilityGlobals) = postSolution
		SolutionGuid = {5F384CB7-07E9-43B1-969D-483DC81CC44F}
	EndGlobalSection
EndGlobal
